
Microsoft Visual Studio Solution File, Format Version 12.00
# Visual Studio Version 16
VisualStudioVersion = 16.0.31515.178
MinimumVisualStudioVersion = 10.0.40219.1
Project("{9A19103F-16F7-4668-BE54-9A1E7A4F7556}") = "SpectrumAnalyzer", "SpectrumAnalyzer\SpectrumAnalyzer.csproj", "{4F485950-886A-4E3C-8378-B08D2D5747FF}"
EndProject
Global
	GlobalSection(SolutionConfigurationPlatforms) = preSolution
		Debug|Any CPU = Debug|Any CPU
		Release|Any CPU = Release|Any CPU
	EndGlobalSection
	GlobalSection(ProjectConfigurationPlatforms) = postSolution
		{4F485950-886A-4E3C-8378-B08D2D5747FF}.Debug|Any CPU.ActiveCfg = Debug|Any CPU
		{4F485950-886A-4E3C-8378-B08D2D5747FF}.Debug|Any CPU.Build.0 = Debug|Any CPU
		{4F485950-886A-4E3C-8378-B08D2D5747FF}.Release|Any CPU.ActiveCfg = Debug|Any CPU
		{4F485950-886A-4E3C-8378-B08D2D5747FF}.Release|Any CPU.Build.0 = Debug|Any CPU
	EndGlobalSection
	GlobalSection(SolutionProperties) = preSolution
		HideSolutionNode = FALSE
	EndGlobalSection
	GlobalSection(ExtensibilityGlobals) = postSolution
		SolutionGuid = {25F619B7-693C-40F8-B798-102CC21433EA}
	EndGlobalSection
EndGlobal
